# This file is automatically @generated by Poetry 2.0.1 and should not be changed by hand.

[[package]]
name = "asgiref"
version = "3.8.1"
description = "ASGI specs, helper code, and adapters"
optional = false
python-versions = ">=3.8"
groups = ["main"]
files = [
    {file = "asgiref-3.8.1-py3-none-any.whl", hash = "sha256:3e1e3ecc849832fe52ccf2cb6686b7a55f82bb1d6aee72a58826471390335e47"},
    {file = "asgiref-3.8.1.tar.gz", hash = "sha256:c343bd80a0bec947a9860adb4c432ffa7db769836c64238fc34bdc3fec84d590"},
]

[package.dependencies]
typing-extensions = {version = ">=4", markers = "python_version < \"3.11\""}

[package.extras]
tests = ["mypy (>=0.800)", "pytest", "pytest-asyncio"]

[[package]]
name = "asttokens"
version = "3.0.0"
description = "Annotate AST trees with source code positions"
optional = false
python-versions = ">=3.8"
groups = ["dev"]
files = [
    {file = "asttokens-3.0.0-py3-none-any.whl", hash = "sha256:e3078351a059199dd5138cb1c706e6430c05eff2ff136af5eb4790f9d28932e2"},
    {file = "asttokens-3.0.0.tar.gz", hash = "sha256:0dcd8baa8d62b0c1d118b399b2ddba3c4aff271d0d7a9e0d4c1681c79035bbc7"},
]

[package.extras]
astroid = ["astroid (>=2,<4)"]
test = ["astroid (>=2,<4)", "pytest", "pytest-cov", "pytest-xdist"]

[[package]]
name = "colorama"
version = "0.4.6"
description = "Cross-platform colored terminal text."
optional = false
python-versions = "!=3.0.*,!=3.1.*,!=3.2.*,!=3.3.*,!=3.4.*,!=3.5.*,!=3.6.*,>=2.7"
groups = ["dev"]
markers = "sys_platform == \"win32\""
files = [
    {file = "colorama-0.4.6-py2.py3-none-any.whl", hash = "sha256:4f1d9991f5acc0ca119f9d443620b77f9d6b33703e51011c16baf57afb285fc6"},
    {file = "colorama-0.4.6.tar.gz", hash = "sha256:08695f5cb7ed6e0531a20572697297273c47b8cae5a63ffc6d6ed5c201be6e44"},
]

[[package]]
name = "decorator"
version = "5.2.1"
description = "Decorators for Humans"
optional = false
python-versions = ">=3.8"
groups = ["dev"]
files = [
    {file = "decorator-5.2.1-py3-none-any.whl", hash = "sha256:d316bb415a2d9e2d2b3abcc4084c6502fc09240e292cd76a76afc106a1c8e04a"},
    {file = "decorator-5.2.1.tar.gz", hash = "sha256:65f266143752f734b0a7cc83c46f4618af75b8c5911b00ccb61d0ac9b6da0360"},
]

[[package]]
name = "django"
version = "5.2"
description = "A high-level Python web framework that encourages rapid development and clean, pragmatic design."
optional = false
python-versions = ">=3.10"
groups = ["main"]
files = [
    {file = "Django-5.2-py3-none-any.whl", hash = "sha256:91ceed4e3a6db5aedced65e3c8f963118ea9ba753fc620831c77074e620e7d83"},
    {file = "Django-5.2.tar.gz", hash = "sha256:1a47f7a7a3d43ce64570d350e008d2949abe8c7e21737b351b6a1611277c6d89"},
]

[package.dependencies]
asgiref = ">=3.8.1"
sqlparse = ">=0.3.1"
tzdata = {version = "*", markers = "sys_platform == \"win32\""}

[package.extras]
argon2 = ["argon2-cffi (>=19.1.0)"]
bcrypt = ["bcrypt"]

[[package]]
name = "django-cors-headers"
version = "4.7.0"
description = "django-cors-headers is a Django application for handling the server headers required for Cross-Origin Resource Sharing (CORS)."
optional = false
python-versions = ">=3.9"
groups = ["main"]
files = [
    {file = "django_cors_headers-4.7.0-py3-none-any.whl", hash = "sha256:f1c125dcd58479fe7a67fe2499c16ee38b81b397463cf025f0e2c42937421070"},
    {file = "django_cors_headers-4.7.0.tar.gz", hash = "sha256:6fdf31bf9c6d6448ba09ef57157db2268d515d94fc5c89a0a1028e1fc03ee52b"},
]

[package.dependencies]
asgiref = ">=3.6"
django = ">=4.2"

[[package]]
name = "django-debug-toolbar"
version = "5.2.0"
description = "A configurable set of panels that display various debug information about the current request/response."
optional = false
python-versions = ">=3.9"
groups = ["main"]
files = [
    {file = "django_debug_toolbar-5.2.0-py3-none-any.whl", hash = "sha256:15627f4c2836a9099d795e271e38e8cf5204ccd79d5dbcd748f8a6c284dcd195"},
    {file = "django_debug_toolbar-5.2.0.tar.gz", hash = "sha256:9e7f0145e1a1b7d78fcc3b53798686170a5b472d9cf085d88121ff823e900821"},
]

[package.dependencies]
django = ">=4.2.9"
sqlparse = ">=0.2"

[[package]]
name = "django-environ"
version = "0.11.2"
description = "A package that allows you to utilize 12factor inspired environment variables to configure your Django application."
optional = false
python-versions = ">=3.6,<4"
groups = ["main"]
files = [
    {file = "django-environ-0.11.2.tar.gz", hash = "sha256:f32a87aa0899894c27d4e1776fa6b477e8164ed7f6b3e410a62a6d72caaf64be"},
    {file = "django_environ-0.11.2-py2.py3-none-any.whl", hash = "sha256:0ff95ab4344bfeff693836aa978e6840abef2e2f1145adff7735892711590c05"},
]

[package.extras]
develop = ["coverage[toml] (>=5.0a4)", "furo (>=2021.8.17b43,<2021.9.dev0)", "pytest (>=4.6.11)", "sphinx (>=3.5.0)", "sphinx-notfound-page"]
docs = ["furo (>=2021.8.17b43,<2021.9.dev0)", "sphinx (>=3.5.0)", "sphinx-notfound-page"]
testing = ["coverage[toml] (>=5.0a4)", "pytest (>=4.6.11)"]

[[package]]
name = "django-extensions"
version = "3.2.3"
description = "Extensions for Django"
optional = false
python-versions = ">=3.6"
groups = ["main"]
files = [
    {file = "django-extensions-3.2.3.tar.gz", hash = "sha256:44d27919d04e23b3f40231c4ab7af4e61ce832ef46d610cc650d53e68328410a"},
    {file = "django_extensions-3.2.3-py3-none-any.whl", hash = "sha256:9600b7562f79a92cbf1fde6403c04fee314608fefbb595502e34383ae8203401"},
]

[package.dependencies]
Django = ">=3.2"

[[package]]
name = "djangorestframework"
version = "3.16.0"
description = "Web APIs for Django, made easy."
optional = false
python-versions = ">=3.9"
groups = ["main"]
files = [
    {file = "djangorestframework-3.16.0-py3-none-any.whl", hash = "sha256:bea7e9f6b96a8584c5224bfb2e4348dfb3f8b5e34edbecb98da258e892089361"},
    {file = "djangorestframework-3.16.0.tar.gz", hash = "sha256:f022ff46613584de994c0c6a4aebbace5fd700555fbe9d33b865ebf173eba6c9"},
]

[package.dependencies]
django = ">=4.2"

[[package]]
name = "exceptiongroup"
version = "1.2.2"
description = "Backport of PEP 654 (exception groups)"
optional = false
python-versions = ">=3.7"
groups = ["dev"]
markers = "python_version < \"3.11\""
files = [
    {file = "exceptiongroup-1.2.2-py3-none-any.whl", hash = "sha256:3111b9d131c238bec2f8f516e123e14ba243563fb135d3fe885990585aa7795b"},
    {file = "exceptiongroup-1.2.2.tar.gz", hash = "sha256:47c2edf7c6738fafb49fd34290706d1a1a2f4d1c6df275526b62cbb4aa5393cc"},
]

[package.extras]
test = ["pytest (>=6)"]

[[package]]
name = "executing"
version = "2.2.0"
description = "Get the currently executing AST node of a frame, and other information"
optional = false
python-versions = ">=3.8"
groups = ["dev"]
files = [
    {file = "executing-2.2.0-py2.py3-none-any.whl", hash = "sha256:11387150cad388d62750327a53d3339fad4888b39a6fe233c3afbb54ecffd3aa"},
    {file = "executing-2.2.0.tar.gz", hash = "sha256:5d108c028108fe2551d1a7b2e8b713341e2cb4fc0aa7dcf966fa4327a5226755"},
]

[package.extras]
tests = ["asttokens (>=2.1.0)", "coverage", "coverage-enable-subprocess", "ipython", "littleutils", "pytest", "rich"]

[[package]]
name = "ipython"
version = "8.36.0"
description = "IPython: Productive Interactive Computing"
optional = false
python-versions = ">=3.10"
groups = ["dev"]
files = [
    {file = "ipython-8.36.0-py3-none-any.whl", hash = "sha256:12b913914d010dcffa2711505ec8be4bf0180742d97f1e5175e51f22086428c1"},
    {file = "ipython-8.36.0.tar.gz", hash = "sha256:24658e9fe5c5c819455043235ba59cfffded4a35936eefceceab6b192f7092ff"},
]

[package.dependencies]
colorama = {version = "*", markers = "sys_platform == \"win32\""}
decorator = "*"
exceptiongroup = {version = "*", markers = "python_version < \"3.11\""}
jedi = ">=0.16"
matplotlib-inline = "*"
pexpect = {version = ">4.3", markers = "sys_platform != \"win32\" and sys_platform != \"emscripten\""}
prompt_toolkit = ">=3.0.41,<3.1.0"
pygments = ">=2.4.0"
stack_data = "*"
traitlets = ">=5.13.0"
typing_extensions = {version = ">=4.6", markers = "python_version < \"3.12\""}

[package.extras]
all = ["ipython[black,doc,kernel,matplotlib,nbconvert,nbformat,notebook,parallel,qtconsole]", "ipython[test,test-extra]"]
black = ["black"]
doc = ["docrepr", "exceptiongroup", "intersphinx_registry", "ipykernel", "ipython[test]", "matplotlib", "setuptools (>=18.5)", "sphinx (>=1.3)", "sphinx-rtd-theme", "sphinxcontrib-jquery", "tomli", "typing_extensions"]
kernel = ["ipykernel"]
matplotlib = ["matplotlib"]
nbconvert = ["nbconvert"]
nbformat = ["nbformat"]
notebook = ["ipywidgets", "notebook"]
parallel = ["ipyparallel"]
qtconsole = ["qtconsole"]
test = ["packaging", "pickleshare", "pytest", "pytest-asyncio (<0.22)", "testpath"]
test-extra = ["curio", "ipython[test]", "jupyter_ai", "matplotlib (!=3.2.0)", "nbformat", "numpy (>=1.23)", "pandas", "trio"]

[[package]]
name = "isort"
version = "5.13.2"
description = "A Python utility / library to sort Python imports."
optional = false
python-versions = ">=3.8.0"
groups = ["dev"]
files = [
    {file = "isort-5.13.2-py3-none-any.whl", hash = "sha256:8ca5e72a8d85860d5a3fa69b8745237f2939afe12dbf656afbcb47fe72d947a6"},
    {file = "isort-5.13.2.tar.gz", hash = "sha256:48fdfcb9face5d58a4f6dde2e72a1fb8dcaf8ab26f95ab49fab84c2ddefb0109"},
]

[package.extras]
colors = ["colorama (>=0.4.6)"]

[[package]]
name = "jedi"
version = "0.19.2"
description = "An autocompletion tool for Python that can be used for text editors."
optional = false
python-versions = ">=3.6"
groups = ["dev"]
files = [
    {file = "jedi-0.19.2-py2.py3-none-any.whl", hash = "sha256:a8ef22bde8490f57fe5c7681a3c83cb58874daf72b4784de3cce5b6ef6edb5b9"},
    {file = "jedi-0.19.2.tar.gz", hash = "sha256:4770dc3de41bde3966b02eb84fbcf557fb33cce26ad23da12c742fb50ecb11f0"},
]

[package.dependencies]
parso = ">=0.8.4,<0.9.0"

[package.extras]
docs = ["Jinja2 (==2.11.3)", "MarkupSafe (==1.1.1)", "Pygments (==2.8.1)", "alabaster (==0.7.12)", "babel (==2.9.1)", "chardet (==4.0.0)", "commonmark (==0.8.1)", "docutils (==0.17.1)", "future (==0.18.2)", "idna (==2.10)", "imagesize (==1.2.0)", "mock (==1.0.1)", "packaging (==20.9)", "pyparsing (==2.4.7)", "pytz (==2021.1)", "readthedocs-sphinx-ext (==2.1.4)", "recommonmark (==0.5.0)", "requests (==2.25.1)", "six (==1.15.0)", "snowballstemmer (==2.1.0)", "sphinx (==1.8.5)", "sphinx-rtd-theme (==0.4.3)", "sphinxcontrib-serializinghtml (==1.1.4)", "sphinxcontrib-websupport (==1.2.4)", "urllib3 (==1.26.4)"]
qa = ["flake8 (==5.0.4)", "mypy (==0.971)", "types-setuptools (==67.2.0.1)"]
testing = ["Django", "attrs", "colorama", "docopt", "pytest (<9.0.0)"]

[[package]]
name = "matplotlib-inline"
version = "0.1.7"
description = "Inline Matplotlib backend for Jupyter"
optional = false
python-versions = ">=3.8"
groups = ["dev"]
files = [
    {file = "matplotlib_inline-0.1.7-py3-none-any.whl", hash = "sha256:df192d39a4ff8f21b1895d72e6a13f5fcc5099f00fa84384e0ea28c2cc0653ca"},
    {file = "matplotlib_inline-0.1.7.tar.gz", hash = "sha256:8423b23ec666be3d16e16b60bdd8ac4e86e840ebd1dd11a30b9f117f2fa0ab90"},
]

[package.dependencies]
traitlets = "*"

[[package]]
name = "parso"
version = "0.8.4"
description = "A Python Parser"
optional = false
python-versions = ">=3.6"
groups = ["dev"]
files = [
    {file = "parso-0.8.4-py2.py3-none-any.whl", hash = "sha256:a418670a20291dacd2dddc80c377c5c3791378ee1e8d12bffc35420643d43f18"},
    {file = "parso-0.8.4.tar.gz", hash = "sha256:eb3a7b58240fb99099a345571deecc0f9540ea5f4dd2fe14c2a99d6b281ab92d"},
]

[package.extras]
qa = ["flake8 (==5.0.4)", "mypy (==0.971)", "types-setuptools (==67.2.0.1)"]
testing = ["docopt", "pytest"]

[[package]]
name = "pexpect"
version = "4.9.0"
description = "Pexpect allows easy control of interactive console applications."
optional = false
python-versions = "*"
groups = ["dev"]
markers = "sys_platform != \"win32\" and sys_platform != \"emscripten\""
files = [
    {file = "pexpect-4.9.0-py2.py3-none-any.whl", hash = "sha256:7236d1e080e4936be2dc3e326cec0af72acf9212a7e1d060210e70a47e253523"},
    {file = "pexpect-4.9.0.tar.gz", hash = "sha256:ee7d41123f3c9911050ea2c2dac107568dc43b2d3b0c7557a33212c398ead30f"},
]

[package.dependencies]
ptyprocess = ">=0.5"

[[package]]
name = "prompt-toolkit"
version = "3.0.51"
description = "Library for building powerful interactive command lines in Python"
optional = false
python-versions = ">=3.8"
groups = ["dev"]
files = [
    {file = "prompt_toolkit-3.0.51-py3-none-any.whl", hash = "sha256:52742911fde84e2d423e2f9a4cf1de7d7ac4e51958f648d9540e0fb8db077b07"},
    {file = "prompt_toolkit-3.0.51.tar.gz", hash = "sha256:931a162e3b27fc90c86f1b48bb1fb2c528c2761475e57c9c06de13311c7b54ed"},
]

[package.dependencies]
wcwidth = "*"

[[package]]
name = "psycopg"
version = "3.2.7"
description = "PostgreSQL database adapter for Python"
optional = false
python-versions = ">=3.8"
groups = ["main"]
files = [
    {file = "psycopg-3.2.7-py3-none-any.whl", hash = "sha256:d39747d2d5b9658b69fa462ad21d31f1ba4a5722ad1d0cb952552bc0b4125451"},
    {file = "psycopg-3.2.7.tar.gz", hash = "sha256:9afa609c7ebf139827a38c0bf61be9c024a3ed743f56443de9d38e1efc260bf3"},
]

[package.dependencies]
typing-extensions = {version = ">=4.6", markers = "python_version < \"3.13\""}
tzdata = {version = "*", markers = "sys_platform == \"win32\""}

[package.extras]
binary = ["psycopg-binary (==3.2.7)"]
c = ["psycopg-c (==3.2.7)"]
dev = ["ast-comments (>=1.1.2)", "black (>=24.1.0)", "codespell (>=2.2)", "dnspython (>=2.1)", "flake8 (>=4.0)", "isort-psycopg", "isort[colors] (>=6.0)", "mypy (>=1.14)", "pre-commit (>=4.0.1)", "types-setuptools (>=57.4)", "types-shapely (>=2.0)", "wheel (>=0.37)"]
docs = ["Sphinx (>=5.0)", "furo (==2022.6.21)", "sphinx-autobuild (>=2021.3.14)", "sphinx-autodoc-typehints (>=1.12)"]
pool = ["psycopg-pool"]
test = ["anyio (>=4.0)", "mypy (>=1.14)", "pproxy (>=2.7)", "pytest (>=6.2.5)", "pytest-cov (>=3.0)", "pytest-randomly (>=3.5)"]

[[package]]
name = "psycopg-binary"
version = "3.2.7"
description = "PostgreSQL database adapter for Python -- C optimisation distribution"
optional = false
python-versions = ">=3.8"
groups = ["main"]
files = [
    {file = "psycopg_binary-3.2.7-cp310-cp310-macosx_10_9_x86_64.whl", hash = "sha256:17ab2b4c2722138b7a6eb42d139ad8e5fed792574c1069f27abf8f8ebb0d7f75"},
    {file = "psycopg_binary-3.2.7-cp310-cp310-macosx_11_0_arm64.whl", hash = "sha256:063f5a56ccab2b9eef58f55437cff78c59c5562ebb5f7453ecd480f038b045dc"},
    {file = "psycopg_binary-3.2.7-cp310-cp310-manylinux_2_17_aarch64.manylinux2014_aarch64.whl", hash = "sha256:70632c9687731c8d0c9c72fbb73893e82ba4a2cdc8ffdd4c5bbcef51cc9c6b16"},
    {file = "psycopg_binary-3.2.7-cp310-cp310-manylinux_2_17_i686.manylinux2014_i686.whl", hash = "sha256:ebca1fd4b59523e3127eba7257bf764e80cddd9444b7f0d2870210ffc80ac688"},
    {file = "psycopg_binary-3.2.7-cp310-cp310-manylinux_2_17_ppc64le.manylinux2014_ppc64le.whl", hash = "sha256:f2371822bc0b35ad735298964d531f95e59cfa2d31b87408f7d63ae78173279c"},
    {file = "psycopg_binary-3.2.7-cp310-cp310-manylinux_2_17_x86_64.manylinux2014_x86_64.whl", hash = "sha256:18b1cd14d99d358483c665355eebb650f5e76f2d41c942fe6d0836b0fe76fbf0"},
    {file = "psycopg_binary-3.2.7-cp310-cp310-musllinux_1_2_aarch64.whl", hash = "sha256:82369aa7cfbff19d65182698ee542af75d90c27284201d718f54f7b52480f730"},
    {file = "psycopg_binary-3.2.7-cp310-cp310-musllinux_1_2_i686.whl", hash = "sha256:00ba447b23daaacd9391c6a7ee0781e0860af72d0742c4d261df07940d601e29"},
    {file = "psycopg_binary-3.2.7-cp310-cp310-musllinux_1_2_ppc64le.whl", hash = "sha256:0ccff5f988345dad22146f165e4395b37b9f4f3e3dd42eedad6627e791a8c8b4"},
    {file = "psycopg_binary-3.2.7-cp310-cp310-musllinux_1_2_x86_64.whl", hash = "sha256:82e9ee9943da44a08f737d80c9b3878f9d4916a947cf182cd183f81e825cc41d"},
    {file = "psycopg_binary-3.2.7-cp310-cp310-win_amd64.whl", hash = "sha256:26b1b7e39fa5139f99cb02a186dfa447c41f7e55c0aebb5f2da6ddf5b6ec5b32"},
    {file = "psycopg_binary-3.2.7-cp311-cp311-macosx_10_9_x86_64.whl", hash = "sha256:4d001950bcabb725e003609073b83678962e9308e0b194a5227d6758ba8d46e0"},
    {file = "psycopg_binary-3.2.7-cp311-cp311-macosx_11_0_arm64.whl", hash = "sha256:57acabe70587b65471b9f42593ec9bb17d317118e0dbe92d7173f0a75939150a"},
    {file = "psycopg_binary-3.2.7-cp311-cp311-manylinux_2_17_aarch64.manylinux2014_aarch64.whl", hash = "sha256:93f3937f293a30310501204bf0833704283675a8819a395bea8e352a5abaee84"},
    {file = "psycopg_binary-3.2.7-cp311-cp311-manylinux_2_17_i686.manylinux2014_i686.whl", hash = "sha256:72a3fb7cd7da15157bf63792db7346dfe2a07e3bc6ff702c7e8a76719e6efca0"},
    {file = "psycopg_binary-3.2.7-cp311-cp311-manylinux_2_17_ppc64le.manylinux2014_ppc64le.whl", hash = "sha256:0350ba9a14295b266fba83d5a691511bf4ceb5df863973b525230fd15fd483f2"},
    {file = "psycopg_binary-3.2.7-cp311-cp311-manylinux_2_17_x86_64.manylinux2014_x86_64.whl", hash = "sha256:de12375a49e70a6ac52431aa92b9c2e4ca01fea4fa872b4cd31e19028e3095d7"},
    {file = "psycopg_binary-3.2.7-cp311-cp311-musllinux_1_2_aarch64.whl", hash = "sha256:33bb035e6f9b4911291472d6b5386b283fc835b97d2b1dc57f2ff82f777cb9f2"},
    {file = "psycopg_binary-3.2.7-cp311-cp311-musllinux_1_2_i686.whl", hash = "sha256:ed59c833678b55932f78aa60e85691b40fd7d2058ad60ca369fc4f908218c688"},
    {file = "psycopg_binary-3.2.7-cp311-cp311-musllinux_1_2_ppc64le.whl", hash = "sha256:b404c1a091dd034254694ae56111c69f07d54419c5436366c5b3af2aac9dce04"},
    {file = "psycopg_binary-3.2.7-cp311-cp311-musllinux_1_2_x86_64.whl", hash = "sha256:25a3527a26b7589434a3eb52ad32b1f67e1af034cb17bd36a77344896d54b403"},
    {file = "psycopg_binary-3.2.7-cp311-cp311-win_amd64.whl", hash = "sha256:f5a2ebd0772c059e521b70a826a11b962fcba465b001fd655ca6aba10dc9432d"},
    {file = "psycopg_binary-3.2.7-cp312-cp312-macosx_10_13_x86_64.whl", hash = "sha256:76e55ec30b3947b921f267795ffd2f433c65fc8a41adc4939fd9ccfb0f5b0322"},
    {file = "psycopg_binary-3.2.7-cp312-cp312-macosx_11_0_arm64.whl", hash = "sha256:5ff4c97a04eeb11d54d4c8ca22459e2cca9a423e7f397c29ae311c6e7c784d49"},
    {file = "psycopg_binary-3.2.7-cp312-cp312-manylinux_2_17_aarch64.manylinux2014_aarch64.whl", hash = "sha256:5d1c97a7c57e83b55172b585702744cd6bdad37c7a18cabdf55ba1e5a66ce476"},
    {file = "psycopg_binary-3.2.7-cp312-cp312-manylinux_2_17_i686.manylinux2014_i686.whl", hash = "sha256:b394542a8b0706102a86c7006978848cf1748f4191e0e0e32b1f814b63ae7d68"},
    {file = "psycopg_binary-3.2.7-cp312-cp312-manylinux_2_17_ppc64le.manylinux2014_ppc64le.whl", hash = "sha256:f6a10440bc02ed3a0ac1cb2d61e117273ce20e3d103061452acc7ed2c9a89e53"},
    {file = "psycopg_binary-3.2.7-cp312-cp312-manylinux_2_17_x86_64.manylinux2014_x86_64.whl", hash = "sha256:8eee57667fdd8a1cd8c4c2dc7350914267baf4d699690d44e439df9ae9148e7a"},
    {file = "psycopg_binary-3.2.7-cp312-cp312-musllinux_1_2_aarch64.whl", hash = "sha256:fd35ddbbfbe3cbe00a2b578defc7365e5e047e4fa9b803659bd4e8c3962069e7"},
    {file = "psycopg_binary-3.2.7-cp312-cp312-musllinux_1_2_i686.whl", hash = "sha256:e7f1d2dc575b00d951317b788a2244fdfcdd1503221ebc7e479220f6e3414aa4"},
    {file = "psycopg_binary-3.2.7-cp312-cp312-musllinux_1_2_ppc64le.whl", hash = "sha256:359b2056e1203010c0044c12a3f933d522c613d7ee280d84be3643458f416796"},
    {file = "psycopg_binary-3.2.7-cp312-cp312-musllinux_1_2_x86_64.whl", hash = "sha256:532b5c8a9ec70173812fbba26bbd5cf57c0f1c680907d637ddbb1be15dbf89d7"},
    {file = "psycopg_binary-3.2.7-cp312-cp312-win_amd64.whl", hash = "sha256:47e9d09b4f898eaf46cd2b7433f9e6faa935246a9d8983b4f88f0a46809abbd2"},
    {file = "psycopg_binary-3.2.7-cp313-cp313-macosx_10_13_x86_64.whl", hash = "sha256:3b280862c623616e0ced03602c98b44f51ab8cdaaad31f6b3523a2a68b2f92a4"},
    {file = "psycopg_binary-3.2.7-cp313-cp313-macosx_11_0_arm64.whl", hash = "sha256:add318f12dc2be4d8a817e70c38cfd23a2af80ff6f871089e63012b62bf96f00"},
    {file = "psycopg_binary-3.2.7-cp313-cp313-manylinux_2_17_aarch64.manylinux2014_aarch64.whl", hash = "sha256:03994806e62e795b1b286c60bb5d23e1cc3982b06192e87ec4dff0a0f7c528e2"},
    {file = "psycopg_binary-3.2.7-cp313-cp313-manylinux_2_17_i686.manylinux2014_i686.whl", hash = "sha256:77709be5dc45828ca06d9d87fa7b065720fb87b1aa3e72d44177562f1df50ad2"},
    {file = "psycopg_binary-3.2.7-cp313-cp313-manylinux_2_17_ppc64le.manylinux2014_ppc64le.whl", hash = "sha256:64d959a17ac2f1ff87a191786f66ae452791fbe73cee7375f2dafd2696e605a9"},
    {file = "psycopg_binary-3.2.7-cp313-cp313-manylinux_2_17_x86_64.manylinux2014_x86_64.whl", hash = "sha256:239e24fa33c6213320da0aee72d541e4780adb21753fc692337043c235118cf1"},
    {file = "psycopg_binary-3.2.7-cp313-cp313-musllinux_1_2_aarch64.whl", hash = "sha256:d31c0523e0294e008d9031f2f2034a010f043ae8c7af0589d614b0bf6ed6e6aa"},
    {file = "psycopg_binary-3.2.7-cp313-cp313-musllinux_1_2_i686.whl", hash = "sha256:a15c88f1695c8dc8b90625931fe86909c74f7770bad7312999ee6babb0143dcc"},
    {file = "psycopg_binary-3.2.7-cp313-cp313-musllinux_1_2_ppc64le.whl", hash = "sha256:3c02790afcc6d82d1b9d886d9323f955c5c998693966c4c1e6d0ff9a96276a1e"},
    {file = "psycopg_binary-3.2.7-cp313-cp313-musllinux_1_2_x86_64.whl", hash = "sha256:1d2288a7f1d0dec1ccce50b4470751acb563689048752fdbf7a4a804df3a0e0d"},
    {file = "psycopg_binary-3.2.7-cp313-cp313-win_amd64.whl", hash = "sha256:c3781beaffb33fce17d8f137b003ebd930a7148eab2a1f60628e86c3d67884ea"},
    {file = "psycopg_binary-3.2.7-cp38-cp38-macosx_10_9_x86_64.whl", hash = "sha256:a1e4c873cf553276cfe28ae0ec9cd969c43ef722616d092f8b17b5d69fd5c839"},
    {file = "psycopg_binary-3.2.7-cp38-cp38-manylinux_2_17_aarch64.manylinux2014_aarch64.whl", hash = "sha256:aa2cef360f8fd108eb9100427914e814722e1ded4631d23304865c88e69f6bbf"},
    {file = "psycopg_binary-3.2.7-cp38-cp38-manylinux_2_17_i686.manylinux2014_i686.whl", hash = "sha256:8b5133fdddfd0da76e72add375fc79eee5d741c32c99e602aecdaa543d2e3466"},
    {file = "psycopg_binary-3.2.7-cp38-cp38-manylinux_2_17_ppc64le.manylinux2014_ppc64le.whl", hash = "sha256:9ec1e7287d80a22d58030862e57389654fc618ae70eeeb54e1f82fe86454ad06"},
    {file = "psycopg_binary-3.2.7-cp38-cp38-manylinux_2_17_x86_64.manylinux2014_x86_64.whl", hash = "sha256:2a2e82ccee04feb93bf4fd41fc56b6a961611059b777c3187321c943242c9e4e"},
    {file = "psycopg_binary-3.2.7-cp38-cp38-musllinux_1_2_aarch64.whl", hash = "sha256:e3ac59a0d067199d7d438d36248e31919987e69854db196f7133f0c89d4489a1"},
    {file = "psycopg_binary-3.2.7-cp38-cp38-musllinux_1_2_i686.whl", hash = "sha256:51a45bfd428a0af0f42838e4f744a39ddbddc1a131e89551e569a9ed4bfd97a6"},
    {file = "psycopg_binary-3.2.7-cp38-cp38-musllinux_1_2_ppc64le.whl", hash = "sha256:93a6350514ad348327f6a5cfb6c8fe29ccba9b6cdb9ffea09bb4b57a27cca18d"},
    {file = "psycopg_binary-3.2.7-cp38-cp38-musllinux_1_2_x86_64.whl", hash = "sha256:b44a2c5e85d047f1fe54dc297c128f7ef375435a6cf583886a8d701c75716cd4"},
    {file = "psycopg_binary-3.2.7-cp38-cp38-win_amd64.whl", hash = "sha256:506db31c1e08e8fb8132e4dce7708fe9aeedc3908d3ed10a3ea76e463d6ea904"},
    {file = "psycopg_binary-3.2.7-cp39-cp39-macosx_10_9_x86_64.whl", hash = "sha256:519d7d8f35c5392599a5f5ceb9ebaa50881024fb6ecd32ea55436c8e3cda27cc"},
    {file = "psycopg_binary-3.2.7-cp39-cp39-macosx_11_0_arm64.whl", hash = "sha256:ef399143d63bd67febe92b923dc6bd56bc8a9c3581a68bc8982eed75963ad169"},
    {file = "psycopg_binary-3.2.7-cp39-cp39-manylinux_2_17_aarch64.manylinux2014_aarch64.whl", hash = "sha256:f3a34757170706c67be94b248db458d3602269828a067a84bdc536869d35fed5"},
    {file = "psycopg_binary-3.2.7-cp39-cp39-manylinux_2_17_i686.manylinux2014_i686.whl", hash = "sha256:05a7265e80b362b93af2dbea0cd8828e6cbbb6daea97f2b0b4f29e61bd34b2e3"},
    {file = "psycopg_binary-3.2.7-cp39-cp39-manylinux_2_17_ppc64le.manylinux2014_ppc64le.whl", hash = "sha256:d2a9aa6ddfd6a8fb5756498ccb7a3a4f9cd87906d9e8ac36b69e116b7104b891"},
    {file = "psycopg_binary-3.2.7-cp39-cp39-manylinux_2_17_x86_64.manylinux2014_x86_64.whl", hash = "sha256:69310b8dc1277556711f6818b75a92581ae6c3cd2ca3c9c0798caf15976a8562"},
    {file = "psycopg_binary-3.2.7-cp39-cp39-musllinux_1_2_aarch64.whl", hash = "sha256:73349f876b7288200c576c5c14b29c5f3266fb30598c3723dc57cfe05adf3121"},
    {file = "psycopg_binary-3.2.7-cp39-cp39-musllinux_1_2_i686.whl", hash = "sha256:a8d3c8df6eb652e8140b24941b4da8bd07bfa7564101e9dee496a28683f7c2f8"},
    {file = "psycopg_binary-3.2.7-cp39-cp39-musllinux_1_2_ppc64le.whl", hash = "sha256:2321b6edfb4ca38a3446d5e88abe9ce78c04fc616d05a598ffe7cc5e2535c1fc"},
    {file = "psycopg_binary-3.2.7-cp39-cp39-musllinux_1_2_x86_64.whl", hash = "sha256:2cf25feb92dceb5739dd029a047664a02f5df25a5e086d577cae810daf6a302a"},
    {file = "psycopg_binary-3.2.7-cp39-cp39-win_amd64.whl", hash = "sha256:ac0b823a0b199d36e0570d5d2a1154ae767073907496a2e436a236e388fc0c97"},
]

[[package]]
name = "ptyprocess"
version = "0.7.0"
description = "Run a subprocess in a pseudo terminal"
optional = false
python-versions = "*"
groups = ["dev"]
markers = "sys_platform != \"win32\" and sys_platform != \"emscripten\""
files = [
    {file = "ptyprocess-0.7.0-py2.py3-none-any.whl", hash = "sha256:4b41f3967fce3af57cc7e94b888626c18bf37a083e3651ca8feeb66d492fef35"},
    {file = "ptyprocess-0.7.0.tar.gz", hash = "sha256:5c5d0a3b48ceee0b48485e0c26037c0acd7d29765ca3fbb5cb3831d347423220"},
]

[[package]]
name = "pure-eval"
version = "0.2.3"
description = "Safely evaluate AST nodes without side effects"
optional = false
python-versions = "*"
groups = ["dev"]
files = [
    {file = "pure_eval-0.2.3-py3-none-any.whl", hash = "sha256:1db8e35b67b3d218d818ae653e27f06c3aa420901fa7b081ca98cbedc874e0d0"},
    {file = "pure_eval-0.2.3.tar.gz", hash = "sha256:5f4e983f40564c576c7c8635ae88db5956bb2229d7e9237d03b3c0b0190eaf42"},
]

[package.extras]
tests = ["pytest"]

[[package]]
name = "pygments"
version = "2.19.1"
description = "Pygments is a syntax highlighting package written in Python."
optional = false
python-versions = ">=3.8"
groups = ["dev"]
files = [
    {file = "pygments-2.19.1-py3-none-any.whl", hash = "sha256:9ea1544ad55cecf4b8242fab6dd35a93bbce657034b0611ee383099054ab6d8c"},
    {file = "pygments-2.19.1.tar.gz", hash = "sha256:61c16d2a8576dc0649d9f39e089b5f02bcd27fba10d8fb4dcc28173f7a45151f"},
]

[package.extras]
windows-terminal = ["colorama (>=0.4.6)"]

[[package]]
name = "sqlparse"
version = "0.5.3"
description = "A non-validating SQL parser."
optional = false
python-versions = ">=3.8"
groups = ["main"]
files = [
    {file = "sqlparse-0.5.3-py3-none-any.whl", hash = "sha256:cf2196ed3418f3ba5de6af7e82c694a9fbdbfecccdfc72e281548517081f16ca"},
    {file = "sqlparse-0.5.3.tar.gz", hash = "sha256:09f67787f56a0b16ecdbde1bfc7f5d9c3371ca683cfeaa8e6ff60b4807ec9272"},
]

[package.extras]
dev = ["build", "hatch"]
doc = ["sphinx"]

[[package]]
name = "stack-data"
version = "0.6.3"
description = "Extract data from python stack frames and tracebacks for informative displays"
optional = false
python-versions = "*"
groups = ["dev"]
files = [
    {file = "stack_data-0.6.3-py3-none-any.whl", hash = "sha256:d5558e0c25a4cb0853cddad3d77da9891a08cb85dd9f9f91b9f8cd66e511e695"},
    {file = "stack_data-0.6.3.tar.gz", hash = "sha256:836a778de4fec4dcd1dcd89ed8abff8a221f58308462e1c4aa2a3cf30148f0b9"},
]

[package.dependencies]
asttokens = ">=2.1.0"
executing = ">=1.2.0"
pure-eval = "*"

[package.extras]
tests = ["cython", "littleutils", "pygments", "pytest", "typeguard"]

[[package]]
name = "traitlets"
version = "5.14.3"
description = "Traitlets Python configuration system"
optional = false
python-versions = ">=3.8"
groups = ["dev"]
files = [
    {file = "traitlets-5.14.3-py3-none-any.whl", hash = "sha256:b74e89e397b1ed28cc831db7aea759ba6640cb3de13090ca145426688ff1ac4f"},
    {file = "traitlets-5.14.3.tar.gz", hash = "sha256:9ed0579d3502c94b4b3732ac120375cda96f923114522847de4b3bb98b96b6b7"},
]

[package.extras]
docs = ["myst-parser", "pydata-sphinx-theme", "sphinx"]
test = ["argcomplete (>=3.0.3)", "mypy (>=1.7.0)", "pre-commit", "pytest (>=7.0,<8.2)", "pytest-mock", "pytest-mypy-testing"]

[[package]]
name = "typing-extensions"
version = "4.13.2"
description = "Backported and Experimental Type Hints for Python 3.8+"
optional = false
python-versions = ">=3.8"
groups = ["main", "dev"]
files = [
    {file = "typing_extensions-4.13.2-py3-none-any.whl", hash = "sha256:a439e7c04b49fec3e5d3e2beaa21755cadbbdc391694e28ccdd36ca4a1408f8c"},
    {file = "typing_extensions-4.13.2.tar.gz", hash = "sha256:e6c81219bd689f51865d9e372991c540bda33a0379d5573cddb9a3a23f7caaef"},
]
markers = {main = "python_version < \"3.13\"", dev = "python_version < \"3.12\""}

[[package]]
name = "tzdata"
version = "2025.2"
description = "Provider of IANA time zone data"
optional = false
python-versions = ">=2"
groups = ["main"]
markers = "sys_platform == \"win32\""
files = [
    {file = "tzdata-2025.2-py2.py3-none-any.whl", hash = "sha256:1a403fada01ff9221ca8044d701868fa132215d84beb92242d9acd2147f667a8"},
    {file = "tzdata-2025.2.tar.gz", hash = "sha256:b60a638fcc0daffadf82fe0f57e53d06bdec2f36c4df66280ae79bce6bd6f2b9"},
]

[[package]]
name = "wcwidth"
version = "0.2.13"
description = "Measures the displayed width of unicode strings in a terminal"
optional = false
python-versions = "*"
groups = ["dev"]
files = [
    {file = "wcwidth-0.2.13-py2.py3-none-any.whl", hash = "sha256:3da69048e4540d84af32131829ff948f1e022c1c6bdb8d6102117aac784f6859"},
    {file = "wcwidth-0.2.13.tar.gz", hash = "sha256:72ea0c06399eb286d978fdedb6923a9eb47e1c486ce63e9b4e64fc18303972b5"},
]

[[package]]
name = "whitenoise"
version = "6.9.0"
description = "Radically simplified static file serving for WSGI applications"
optional = false
python-versions = ">=3.9"
groups = ["main"]
files = [
    {file = "whitenoise-6.9.0-py3-none-any.whl", hash = "sha256:c8a489049b7ee9889617bb4c274a153f3d979e8f51d2efd0f5b403caf41c57df"},
    {file = "whitenoise-6.9.0.tar.gz", hash = "sha256:8c4a7c9d384694990c26f3047e118c691557481d624f069b7f7752a2f735d609"},
]

[package.extras]
brotli = ["brotli"]

[metadata]
lock-version = "2.1"
python-versions = "^3.10"
content-hash = "a4bb16abb0d070ba913d8b69c8f298ec01263293c03fa2127dc968fd0f60c8e6"
